
Microsoft Visual Studio Solution File, Format Version 12.00
# Visual Studio Version 16
VisualStudioVersion = 16.0.31321.278
MinimumVisualStudioVersion = 10.0.40219.1
Project("{8BC9CEB8-8B4A-11D0-8D11-00A0C91BC942}") = "masm", "masm.vcxproj", "{EB983BA4-2903-4FA4-B522-9841A407A27F}"
EndProject
Global
	GlobalSection(SolutionConfigurationPlatforms) = preSolution
		Debug|x64 = Debug|x64
		Debug|x86 = Debug|x86
		Release|x64 = Release|x64
		Release|x86 = Release|x86
	EndGlobalSection
	GlobalSection(ProjectConfigurationPlatforms) = postSolution
		{EB983BA4-2903-4FA4-B522-9841A407A27F}.Debug|x64.ActiveCfg = Debug|x64
		{EB983BA4-2903-4FA4-B522-9841A407A27F}.Debug|x64.Build.0 = Debug|x64
		{EB983BA4-2903-4FA4-B522-9841A407A27F}.Debug|x86.ActiveCfg = Debug|Win32
		{EB983BA4-2903-4FA4-B522-9841A407A27F}.Debug|x86.Build.0 = Debug|Win32
		{EB983BA4-2903-4FA4-B522-9841A407A27F}.Release|x64.ActiveCfg = Release|x64
		{EB983BA4-2903-4FA4-B522-9841A407A27F}.Release|x64.Build.0 = Release|x64
		{EB983BA4-2903-4FA4-B522-9841A407A27F}.Release|x86.ActiveCfg = Release|Win32
		{EB983BA4-2903-4FA4-B522-9841A407A27F}.Release|x86.Build.0 = Release|Win32
	EndGlobalSection
	GlobalSection(SolutionProperties) = preSolution
		HideSolutionNode = FALSE
	EndGlobalSection
	GlobalSection(ExtensibilityGlobals) = postSolution
		SolutionGuid = {885CCF1E-1F0F-46C9-9070-01517FE996B7}
	EndGlobalSection
EndGlobal
